
Microsoft Visual Studio Solution File, Format Version 12.00
# Visual Studio Version 16
VisualStudioVersion = 16.0.30011.22
MinimumVisualStudioVersion = 10.0.40219.1
Project("{FAE04EC0-301F-11D3-BF4B-00C04F79EFBC}") = "Task6_4", "Task6_4\Task6_4.csproj", "{4AEB5E8B-690B-46C9-BC92-DE5A1B6A4634}"
EndProject
Global
	GlobalSection(SolutionConfigurationPlatforms) = preSolution
		Debug|Any CPU = Debug|Any CPU
		Release|Any CPU = Release|Any CPU
	EndGlobalSection
	GlobalSection(ProjectConfigurationPlatforms) = postSolution
		{4AEB5E8B-690B-46C9-BC92-DE5A1B6A4634}.Debug|Any CPU.ActiveCfg = Debug|Any CPU
		{4AEB5E8B-690B-46C9-BC92-DE5A1B6A4634}.Debug|Any CPU.Build.0 = Debug|Any CPU
		{4AEB5E8B-690B-46C9-BC92-DE5A1B6A4634}.Release|Any CPU.ActiveCfg = Release|Any CPU
		{4AEB5E8B-690B-46C9-BC92-DE5A1B6A4634}.Release|Any CPU.Build.0 = Release|Any CPU
	EndGlobalSection
	GlobalSection(SolutionProperties) = preSolution
		HideSolutionNode = FALSE
	EndGlobalSection
	GlobalSection(ExtensibilityGlobals) = postSolution
		SolutionGuid = {EE55DB60-36E1-4CE1-A512-905A694C62EE}
	EndGlobalSection
EndGlobal
