
Microsoft Visual Studio Solution File, Format Version 12.00
# Visual Studio Version 16
VisualStudioVersion = 16.0.30011.22
MinimumVisualStudioVersion = 10.0.40219.1
Project("{FAE04EC0-301F-11D3-BF4B-00C04F79EFBC}") = "MobileShop", "MobileShop\MobileShop.csproj", "{F13D29ED-C5CD-4AE7-A725-E11E944B4E98}"
EndProject
Global
	GlobalSection(SolutionConfigurationPlatforms) = preSolution
		Debug|Any CPU = Debug|Any CPU
		Release|Any CPU = Release|Any CPU
	EndGlobalSection
	GlobalSection(ProjectConfigurationPlatforms) = postSolution
		{F13D29ED-C5CD-4AE7-A725-E11E944B4E98}.Debug|Any CPU.ActiveCfg = Debug|Any CPU
		{F13D29ED-C5CD-4AE7-A725-E11E944B4E98}.Debug|Any CPU.Build.0 = Debug|Any CPU
		{F13D29ED-C5CD-4AE7-A725-E11E944B4E98}.Release|Any CPU.ActiveCfg = Release|Any CPU
		{F13D29ED-C5CD-4AE7-A725-E11E944B4E98}.Release|Any CPU.Build.0 = Release|Any CPU
	EndGlobalSection
	GlobalSection(SolutionProperties) = preSolution
		HideSolutionNode = FALSE
	EndGlobalSection
	GlobalSection(ExtensibilityGlobals) = postSolution
		SolutionGuid = {5CB1FC97-B189-462A-A311-B534D2E42F7D}
	EndGlobalSection
EndGlobal
